// !$*UTF8*$!
{
	archiveVersion = 1;
	classes = {
	};
	objectVersion = 56;
	objects = {

/* Begin PBXBuildFile section */
		7E70CDD02A9F43C900E10C2D /* NetworkClientService.swift in Sources */ = {isa = PBXBuildFile; fileRef = 7E70CDCF2A9F43C900E10C2D /* NetworkClientService.swift */; };
		7E70CDD32A9F43E900E10C2D /* NetworkClientServiceProtocol.swift in Sources */ = {isa = PBXBuildFile; fileRef = 7E70CDD22A9F43E900E10C2D /* NetworkClientServiceProtocol.swift */; };
		7E70CDD62A9F453F00E10C2D /* DataResult.swift in Sources */ = {isa = PBXBuildFile; fileRef = 7E70CDD52A9F453F00E10C2D /* DataResult.swift */; };
		7E70CDD82A9F454F00E10C2D /* Advertisement.swift in Sources */ = {isa = PBXBuildFile; fileRef = 7E70CDD72A9F454F00E10C2D /* Advertisement.swift */; };
		7E70CDE02A9F51DD00E10C2D /* DataProvider.swift in Sources */ = {isa = PBXBuildFile; fileRef = 7E70CDDF2A9F51DD00E10C2D /* DataProvider.swift */; };
		7E70CDE22A9F672200E10C2D /* CatalogViewModel.swift in Sources */ = {isa = PBXBuildFile; fileRef = 7E70CDE12A9F672200E10C2D /* CatalogViewModel.swift */; };
		7E70CDE42A9F672C00E10C2D /* CatalogViewModelProtocol.swift in Sources */ = {isa = PBXBuildFile; fileRef = 7E70CDE32A9F672C00E10C2D /* CatalogViewModelProtocol.swift */; };
		7E70CDE62A9F678300E10C2D /* Observable.swift in Sources */ = {isa = PBXBuildFile; fileRef = 7E70CDE52A9F678300E10C2D /* Observable.swift */; };
		7E70CDE92A9F69DA00E10C2D /* DataProviderProtocol.swift in Sources */ = {isa = PBXBuildFile; fileRef = 7E70CDE82A9F69DA00E10C2D /* DataProviderProtocol.swift */; };
		7E70CDEC2A9F6CFA00E10C2D /* Kingfisher in Frameworks */ = {isa = PBXBuildFile; productRef = 7E70CDEB2A9F6CFA00E10C2D /* Kingfisher */; };
		7E70CDEE2AA0573100E10C2D /* UIFont + Extension.swift in Sources */ = {isa = PBXBuildFile; fileRef = 7E70CDED2AA0573100E10C2D /* UIFont + Extension.swift */; };
		7E70CDF12AA05B4000E10C2D /* UIColor + Extension.swift in Sources */ = {isa = PBXBuildFile; fileRef = 7E70CDF02AA05B4000E10C2D /* UIColor + Extension.swift */; };
		7E70CDF42AA06C0300E10C2D /* ProductViewController.swift in Sources */ = {isa = PBXBuildFile; fileRef = 7E70CDF32AA06C0300E10C2D /* ProductViewController.swift */; };
		7E70CDF62AA06DEC00E10C2D /* ProductViewModelProtocol.swift in Sources */ = {isa = PBXBuildFile; fileRef = 7E70CDF52AA06DEC00E10C2D /* ProductViewModelProtocol.swift */; };
		7E70CDF82AA06E1100E10C2D /* ProductViewModel.swift in Sources */ = {isa = PBXBuildFile; fileRef = 7E70CDF72AA06E1100E10C2D /* ProductViewModel.swift */; };
		7E70CDFC2AA07B8A00E10C2D /* BaseCustomButton.swift in Sources */ = {isa = PBXBuildFile; fileRef = 7E70CDFB2AA07B8A00E10C2D /* BaseCustomButton.swift */; };
		7E70CE002AA08E5100E10C2D /* Product.swift in Sources */ = {isa = PBXBuildFile; fileRef = 7E70CDFF2AA08E5100E10C2D /* Product.swift */; };
		7E70CE022AA099E600E10C2D /* UIViewController + Extension.swift in Sources */ = {isa = PBXBuildFile; fileRef = 7E70CE012AA099E600E10C2D /* UIViewController + Extension.swift */; };
		7E90D7902A9F2F3A009F968D /* AppDelegate.swift in Sources */ = {isa = PBXBuildFile; fileRef = 7E90D78F2A9F2F3A009F968D /* AppDelegate.swift */; };
		7E90D7922A9F2F3A009F968D /* SceneDelegate.swift in Sources */ = {isa = PBXBuildFile; fileRef = 7E90D7912A9F2F3A009F968D /* SceneDelegate.swift */; };
		7E90D7942A9F2F3A009F968D /* CatalogViewController.swift in Sources */ = {isa = PBXBuildFile; fileRef = 7E90D7932A9F2F3A009F968D /* CatalogViewController.swift */; };
		7E90D7992A9F2F3B009F968D /* Assets.xcassets in Resources */ = {isa = PBXBuildFile; fileRef = 7E90D7982A9F2F3B009F968D /* Assets.xcassets */; };
		7E90D79C2A9F2F3B009F968D /* LaunchScreen.storyboard in Resources */ = {isa = PBXBuildFile; fileRef = 7E90D79A2A9F2F3B009F968D /* LaunchScreen.storyboard */; };
		7E90D7A52A9F3340009F968D /* CatalogCollectionViewCell.swift in Sources */ = {isa = PBXBuildFile; fileRef = 7E90D7A42A9F3340009F968D /* CatalogCollectionViewCell.swift */; };
		7E90D7A72A9F39D5009F968D /* Resources.swift in Sources */ = {isa = PBXBuildFile; fileRef = 7E90D7A62A9F39D5009F968D /* Resources.swift */; };
/* End PBXBuildFile section */

/* Begin PBXFileReference section */
		7E70CDCF2A9F43C900E10C2D /* NetworkClientService.swift */ = {isa = PBXFileReference; lastKnownFileType = sourcecode.swift; path = NetworkClientService.swift; sourceTree = "<group>"; };
		7E70CDD22A9F43E900E10C2D /* NetworkClientServiceProtocol.swift */ = {isa = PBXFileReference; lastKnownFileType = sourcecode.swift; path = NetworkClientServiceProtocol.swift; sourceTree = "<group>"; };
		7E70CDD52A9F453F00E10C2D /* DataResult.swift */ = {isa = PBXFileReference; lastKnownFileType = sourcecode.swift; path = DataResult.swift; sourceTree = "<group>"; };
		7E70CDD72A9F454F00E10C2D /* Advertisement.swift */ = {isa = PBXFileReference; lastKnownFileType = sourcecode.swift; path = Advertisement.swift; sourceTree = "<group>"; };
		7E70CDDF2A9F51DD00E10C2D /* DataProvider.swift */ = {isa = PBXFileReference; lastKnownFileType = sourcecode.swift; path = DataProvider.swift; sourceTree = "<group>"; };
		7E70CDE12A9F672200E10C2D /* CatalogViewModel.swift */ = {isa = PBXFileReference; lastKnownFileType = sourcecode.swift; path = CatalogViewModel.swift; sourceTree = "<group>"; };
		7E70CDE32A9F672C00E10C2D /* CatalogViewModelProtocol.swift */ = {isa = PBXFileReference; lastKnownFileType = sourcecode.swift; path = CatalogViewModelProtocol.swift; sourceTree = "<group>"; };
		7E70CDE52A9F678300E10C2D /* Observable.swift */ = {isa = PBXFileReference; lastKnownFileType = sourcecode.swift; path = Observable.swift; sourceTree = "<group>"; };
		7E70CDE82A9F69DA00E10C2D /* DataProviderProtocol.swift */ = {isa = PBXFileReference; lastKnownFileType = sourcecode.swift; path = DataProviderProtocol.swift; sourceTree = "<group>"; };
		7E70CDED2AA0573100E10C2D /* UIFont + Extension.swift */ = {isa = PBXFileReference; lastKnownFileType = sourcecode.swift; path = "UIFont + Extension.swift"; sourceTree = "<group>"; };
		7E70CDF02AA05B4000E10C2D /* UIColor + Extension.swift */ = {isa = PBXFileReference; lastKnownFileType = sourcecode.swift; path = "UIColor + Extension.swift"; sourceTree = "<group>"; };
		7E70CDF32AA06C0300E10C2D /* ProductViewController.swift */ = {isa = PBXFileReference; lastKnownFileType = sourcecode.swift; path = ProductViewController.swift; sourceTree = "<group>"; };
		7E70CDF52AA06DEC00E10C2D /* ProductViewModelProtocol.swift */ = {isa = PBXFileReference; lastKnownFileType = sourcecode.swift; path = ProductViewModelProtocol.swift; sourceTree = "<group>"; };
		7E70CDF72AA06E1100E10C2D /* ProductViewModel.swift */ = {isa = PBXFileReference; lastKnownFileType = sourcecode.swift; path = ProductViewModel.swift; sourceTree = "<group>"; };
		7E70CDFB2AA07B8A00E10C2D /* BaseCustomButton.swift */ = {isa = PBXFileReference; lastKnownFileType = sourcecode.swift; path = BaseCustomButton.swift; sourceTree = "<group>"; };
		7E70CDFF2AA08E5100E10C2D /* Product.swift */ = {isa = PBXFileReference; lastKnownFileType = sourcecode.swift; path = Product.swift; sourceTree = "<group>"; };
		7E70CE012AA099E600E10C2D /* UIViewController + Extension.swift */ = {isa = PBXFileReference; lastKnownFileType = sourcecode.swift; path = "UIViewController + Extension.swift"; sourceTree = "<group>"; };
		7E90D78C2A9F2F3A009F968D /* Avito_test.app */ = {isa = PBXFileReference; explicitFileType = wrapper.application; includeInIndex = 0; path = Avito_test.app; sourceTree = BUILT_PRODUCTS_DIR; };
		7E90D78F2A9F2F3A009F968D /* AppDelegate.swift */ = {isa = PBXFileReference; lastKnownFileType = sourcecode.swift; path = AppDelegate.swift; sourceTree = "<group>"; };
		7E90D7912A9F2F3A009F968D /* SceneDelegate.swift */ = {isa = PBXFileReference; lastKnownFileType = sourcecode.swift; path = SceneDelegate.swift; sourceTree = "<group>"; };
		7E90D7932A9F2F3A009F968D /* CatalogViewController.swift */ = {isa = PBXFileReference; lastKnownFileType = sourcecode.swift; path = CatalogViewController.swift; sourceTree = "<group>"; };
		7E90D7982A9F2F3B009F968D /* Assets.xcassets */ = {isa = PBXFileReference; lastKnownFileType = folder.assetcatalog; path = Assets.xcassets; sourceTree = "<group>"; };
		7E90D79B2A9F2F3B009F968D /* Base */ = {isa = PBXFileReference; lastKnownFileType = file.storyboard; name = Base; path = Base.lproj/LaunchScreen.storyboard; sourceTree = "<group>"; };
		7E90D79D2A9F2F3B009F968D /* Info.plist */ = {isa = PBXFileReference; lastKnownFileType = text.plist.xml; path = Info.plist; sourceTree = "<group>"; };
		7E90D7A42A9F3340009F968D /* CatalogCollectionViewCell.swift */ = {isa = PBXFileReference; lastKnownFileType = sourcecode.swift; path = CatalogCollectionViewCell.swift; sourceTree = "<group>"; };
		7E90D7A62A9F39D5009F968D /* Resources.swift */ = {isa = PBXFileReference; lastKnownFileType = sourcecode.swift; path = Resources.swift; sourceTree = "<group>"; };
/* End PBXFileReference section */

/* Begin PBXFrameworksBuildPhase section */
		7E90D7892A9F2F3A009F968D /* Frameworks */ = {
			isa = PBXFrameworksBuildPhase;
			buildActionMask = 2147483647;
			files = (
				7E70CDEC2A9F6CFA00E10C2D /* Kingfisher in Frameworks */,
			);
			runOnlyForDeploymentPostprocessing = 0;
		};
/* End PBXFrameworksBuildPhase section */

/* Begin PBXGroup section */
		7E70CDCA2A9F411100E10C2D /* SupportingFiles */ = {
			isa = PBXGroup;
			children = (
				7E70CDEF2AA057DD00E10C2D /* Extensions */,
				7E70CDCB2A9F41BF00E10C2D /* Resources */,
				7E90D7982A9F2F3B009F968D /* Assets.xcassets */,
				7E90D79A2A9F2F3B009F968D /* LaunchScreen.storyboard */,
				7E90D79D2A9F2F3B009F968D /* Info.plist */,
			);
			path = SupportingFiles;
			sourceTree = "<group>";
		};
		7E70CDCB2A9F41BF00E10C2D /* Resources */ = {
			isa = PBXGroup;
			children = (
				7E90D7A62A9F39D5009F968D /* Resources.swift */,
			);
			path = Resources;
			sourceTree = "<group>";
		};
		7E70CDD12A9F43CC00E10C2D /* Services */ = {
			isa = PBXGroup;
			children = (
				7E70CDD42A9F43FB00E10C2D /* Protocols */,
				7E70CDDF2A9F51DD00E10C2D /* DataProvider.swift */,
				7E70CDCF2A9F43C900E10C2D /* NetworkClientService.swift */,
			);
			path = Services;
			sourceTree = "<group>";
		};
		7E70CDD42A9F43FB00E10C2D /* Protocols */ = {
			isa = PBXGroup;
			children = (
				7E70CDE82A9F69DA00E10C2D /* DataProviderProtocol.swift */,
				7E70CDD22A9F43E900E10C2D /* NetworkClientServiceProtocol.swift */,
			);
			path = Protocols;
			sourceTree = "<group>";
		};
		7E70CDD92A9F459A00E10C2D /* Models */ = {
			isa = PBXGroup;
			children = (
				7E70CDD72A9F454F00E10C2D /* Advertisement.swift */,
				7E70CDD52A9F453F00E10C2D /* DataResult.swift */,
				7E70CDFF2AA08E5100E10C2D /* Product.swift */,
				7E70CDE52A9F678300E10C2D /* Observable.swift */,
			);
			path = Models;
			sourceTree = "<group>";
		};
		7E70CDE72A9F67B200E10C2D /* Protocols */ = {
			isa = PBXGroup;
			children = (
				7E70CDE32A9F672C00E10C2D /* CatalogViewModelProtocol.swift */,
			);
			path = Protocols;
			sourceTree = "<group>";
		};
		7E70CDEF2AA057DD00E10C2D /* Extensions */ = {
			isa = PBXGroup;
			children = (
				7E70CDED2AA0573100E10C2D /* UIFont + Extension.swift */,
				7E70CDF02AA05B4000E10C2D /* UIColor + Extension.swift */,
				7E70CE012AA099E600E10C2D /* UIViewController + Extension.swift */,
			);
			path = Extensions;
			sourceTree = "<group>";
		};
		7E70CDF22AA05C1D00E10C2D /* Scenes */ = {
			isa = PBXGroup;
			children = (
				7E90D7A32A9F3327009F968D /* CatalogScreen */,
				7E70CDFA2AA0709A00E10C2D /* ProductScreen */,
			);
			path = Scenes;
			sourceTree = "<group>";
		};
		7E70CDF92AA0708F00E10C2D /* Protocols */ = {
			isa = PBXGroup;
			children = (
				7E70CDF52AA06DEC00E10C2D /* ProductViewModelProtocol.swift */,
			);
			path = Protocols;
			sourceTree = "<group>";
		};
		7E70CDFA2AA0709A00E10C2D /* ProductScreen */ = {
			isa = PBXGroup;
			children = (
				7E70CDF92AA0708F00E10C2D /* Protocols */,
				7E70CDF72AA06E1100E10C2D /* ProductViewModel.swift */,
				7E70CDF32AA06C0300E10C2D /* ProductViewController.swift */,
			);
			path = ProductScreen;
			sourceTree = "<group>";
		};
		7E70CDFD2AA07BA300E10C2D /* Buttons */ = {
			isa = PBXGroup;
			children = (
				7E70CDFB2AA07B8A00E10C2D /* BaseCustomButton.swift */,
			);
			path = Buttons;
			sourceTree = "<group>";
		};
		7E70CDFE2AA07BA800E10C2D /* Components */ = {
			isa = PBXGroup;
			children = (
				7E70CDFD2AA07BA300E10C2D /* Buttons */,
			);
			path = Components;
			sourceTree = "<group>";
		};
		7E90D7832A9F2F3A009F968D = {
			isa = PBXGroup;
			children = (
				7E90D78E2A9F2F3A009F968D /* Avito_test */,
				7E90D78D2A9F2F3A009F968D /* Products */,
			);
			sourceTree = "<group>";
		};
		7E90D78D2A9F2F3A009F968D /* Products */ = {
			isa = PBXGroup;
			children = (
				7E90D78C2A9F2F3A009F968D /* Avito_test.app */,
			);
			name = Products;
			sourceTree = "<group>";
		};
		7E90D78E2A9F2F3A009F968D /* Avito_test */ = {
			isa = PBXGroup;
			children = (
				7E90D78F2A9F2F3A009F968D /* AppDelegate.swift */,
				7E90D7912A9F2F3A009F968D /* SceneDelegate.swift */,
				7E70CDD92A9F459A00E10C2D /* Models */,
				7E70CDD12A9F43CC00E10C2D /* Services */,
				7E70CDF22AA05C1D00E10C2D /* Scenes */,
				7E70CDCA2A9F411100E10C2D /* SupportingFiles */,
				7E70CDFE2AA07BA800E10C2D /* Components */,
			);
			path = Avito_test;
			sourceTree = "<group>";
		};
		7E90D7A32A9F3327009F968D /* CatalogScreen */ = {
			isa = PBXGroup;
			children = (
				7E70CDE72A9F67B200E10C2D /* Protocols */,
				7E70CDE12A9F672200E10C2D /* CatalogViewModel.swift */,
				7E90D7932A9F2F3A009F968D /* CatalogViewController.swift */,
				7E90D7A42A9F3340009F968D /* CatalogCollectionViewCell.swift */,
			);
			path = CatalogScreen;
			sourceTree = "<group>";
		};
/* End PBXGroup section */

/* Begin PBXNativeTarget section */
		7E90D78B2A9F2F3A009F968D /* Avito_test */ = {
			isa = PBXNativeTarget;
			buildConfigurationList = 7E90D7A02A9F2F3B009F968D /* Build configuration list for PBXNativeTarget "Avito_test" */;
			buildPhases = (
				7E90D7882A9F2F3A009F968D /* Sources */,
				7E90D7892A9F2F3A009F968D /* Frameworks */,
				7E90D78A2A9F2F3A009F968D /* Resources */,
			);
			buildRules = (
			);
			dependencies = (
			);
			name = Avito_test;
			packageProductDependencies = (
				7E70CDEB2A9F6CFA00E10C2D /* Kingfisher */,
			);
			productName = Avito_test;
			productReference = 7E90D78C2A9F2F3A009F968D /* Avito_test.app */;
			productType = "com.apple.product-type.application";
		};
/* End PBXNativeTarget section */

/* Begin PBXProject section */
		7E90D7842A9F2F3A009F968D /* Project object */ = {
			isa = PBXProject;
			attributes = {
				BuildIndependentTargetsInParallel = 1;
				LastSwiftUpdateCheck = 1430;
				LastUpgradeCheck = 1430;
				TargetAttributes = {
					7E90D78B2A9F2F3A009F968D = {
						CreatedOnToolsVersion = 14.3;
					};
				};
			};
			buildConfigurationList = 7E90D7872A9F2F3A009F968D /* Build configuration list for PBXProject "Avito_test" */;
			compatibilityVersion = "Xcode 14.0";
			developmentRegion = en;
			hasScannedForEncodings = 0;
			knownRegions = (
				en,
				Base,
			);
			mainGroup = 7E90D7832A9F2F3A009F968D;
			packageReferences = (
				7E70CDEA2A9F6CFA00E10C2D /* XCRemoteSwiftPackageReference "Kingfisher" */,
			);
			productRefGroup = 7E90D78D2A9F2F3A009F968D /* Products */;
			projectDirPath = "";
			projectRoot = "";
			targets = (
				7E90D78B2A9F2F3A009F968D /* Avito_test */,
			);
		};
/* End PBXProject section */

/* Begin PBXResourcesBuildPhase section */
		7E90D78A2A9F2F3A009F968D /* Resources */ = {
			isa = PBXResourcesBuildPhase;
			buildActionMask = 2147483647;
			files = (
				7E90D79C2A9F2F3B009F968D /* LaunchScreen.storyboard in Resources */,
				7E90D7992A9F2F3B009F968D /* Assets.xcassets in Resources */,
			);
			runOnlyForDeploymentPostprocessing = 0;
		};
/* End PBXResourcesBuildPhase section */

/* Begin PBXSourcesBuildPhase section */
		7E90D7882A9F2F3A009F968D /* Sources */ = {
			isa = PBXSourcesBuildPhase;
			buildActionMask = 2147483647;
			files = (
				7E70CDEE2AA0573100E10C2D /* UIFont + Extension.swift in Sources */,
				7E70CDE62A9F678300E10C2D /* Observable.swift in Sources */,
				7E70CDE22A9F672200E10C2D /* CatalogViewModel.swift in Sources */,
				7E70CDFC2AA07B8A00E10C2D /* BaseCustomButton.swift in Sources */,
				7E70CDD32A9F43E900E10C2D /* NetworkClientServiceProtocol.swift in Sources */,
				7E70CDF42AA06C0300E10C2D /* ProductViewController.swift in Sources */,
				7E70CDF82AA06E1100E10C2D /* ProductViewModel.swift in Sources */,
				7E90D7A52A9F3340009F968D /* CatalogCollectionViewCell.swift in Sources */,
				7E90D7942A9F2F3A009F968D /* CatalogViewController.swift in Sources */,
				7E90D7902A9F2F3A009F968D /* AppDelegate.swift in Sources */,
				7E70CDD62A9F453F00E10C2D /* DataResult.swift in Sources */,
				7E70CDE02A9F51DD00E10C2D /* DataProvider.swift in Sources */,
				7E70CE022AA099E600E10C2D /* UIViewController + Extension.swift in Sources */,
				7E70CDF12AA05B4000E10C2D /* UIColor + Extension.swift in Sources */,
				7E90D7A72A9F39D5009F968D /* Resources.swift in Sources */,
				7E70CDF62AA06DEC00E10C2D /* ProductViewModelProtocol.swift in Sources */,
				7E90D7922A9F2F3A009F968D /* SceneDelegate.swift in Sources */,
				7E70CDE92A9F69DA00E10C2D /* DataProviderProtocol.swift in Sources */,
				7E70CDD02A9F43C900E10C2D /* NetworkClientService.swift in Sources */,
				7E70CDE42A9F672C00E10C2D /* CatalogViewModelProtocol.swift in Sources */,
				7E70CDD82A9F454F00E10C2D /* Advertisement.swift in Sources */,
				7E70CE002AA08E5100E10C2D /* Product.swift in Sources */,
			);
			runOnlyForDeploymentPostprocessing = 0;
		};
/* End PBXSourcesBuildPhase section */

/* Begin PBXVariantGroup section */
		7E90D79A2A9F2F3B009F968D /* LaunchScreen.storyboard */ = {
			isa = PBXVariantGroup;
			children = (
				7E90D79B2A9F2F3B009F968D /* Base */,
			);
			name = LaunchScreen.storyboard;
			sourceTree = "<group>";
		};
/* End PBXVariantGroup section */

/* Begin XCBuildConfiguration section */
		7E90D79E2A9F2F3B009F968D /* Debug */ = {
			isa = XCBuildConfiguration;
			buildSettings = {
				ALWAYS_SEARCH_USER_PATHS = NO;
				CLANG_ANALYZER_NONNULL = YES;
				CLANG_ANALYZER_NUMBER_OBJECT_CONVERSION = YES_AGGRESSIVE;
				CLANG_CXX_LANGUAGE_STANDARD = "gnu++20";
				CLANG_ENABLE_MODULES = YES;
				CLANG_ENABLE_OBJC_ARC = YES;
				CLANG_ENABLE_OBJC_WEAK = YES;
				CLANG_WARN_BLOCK_CAPTURE_AUTORELEASING = YES;
				CLANG_WARN_BOOL_CONVERSION = YES;
				CLANG_WARN_COMMA = YES;
				CLANG_WARN_CONSTANT_CONVERSION = YES;
				CLANG_WARN_DEPRECATED_OBJC_IMPLEMENTATIONS = YES;
				CLANG_WARN_DIRECT_OBJC_ISA_USAGE = YES_ERROR;
				CLANG_WARN_DOCUMENTATION_COMMENTS = YES;
				CLANG_WARN_EMPTY_BODY = YES;
				CLANG_WARN_ENUM_CONVERSION = YES;
				CLANG_WARN_INFINITE_RECURSION = YES;
				CLANG_WARN_INT_CONVERSION = YES;
				CLANG_WARN_NON_LITERAL_NULL_CONVERSION = YES;
				CLANG_WARN_OBJC_IMPLICIT_RETAIN_SELF = YES;
				CLANG_WARN_OBJC_LITERAL_CONVERSION = YES;
				CLANG_WARN_OBJC_ROOT_CLASS = YES_ERROR;
				CLANG_WARN_QUOTED_INCLUDE_IN_FRAMEWORK_HEADER = YES;
				CLANG_WARN_RANGE_LOOP_ANALYSIS = YES;
				CLANG_WARN_STRICT_PROTOTYPES = YES;
				CLANG_WARN_SUSPICIOUS_MOVE = YES;
				CLANG_WARN_UNGUARDED_AVAILABILITY = YES_AGGRESSIVE;
				CLANG_WARN_UNREACHABLE_CODE = YES;
				CLANG_WARN__DUPLICATE_METHOD_MATCH = YES;
				COPY_PHASE_STRIP = NO;
				DEBUG_INFORMATION_FORMAT = dwarf;
				ENABLE_STRICT_OBJC_MSGSEND = YES;
				ENABLE_TESTABILITY = YES;
				GCC_C_LANGUAGE_STANDARD = gnu11;
				GCC_DYNAMIC_NO_PIC = NO;
				GCC_NO_COMMON_BLOCKS = YES;
				GCC_OPTIMIZATION_LEVEL = 0;
				GCC_PREPROCESSOR_DEFINITIONS = (
					"DEBUG=1",
					"$(inherited)",
				);
				GCC_WARN_64_TO_32_BIT_CONVERSION = YES;
				GCC_WARN_ABOUT_RETURN_TYPE = YES_ERROR;
				GCC_WARN_UNDECLARED_SELECTOR = YES;
				GCC_WARN_UNINITIALIZED_AUTOS = YES_AGGRESSIVE;
				GCC_WARN_UNUSED_FUNCTION = YES;
				GCC_WARN_UNUSED_VARIABLE = YES;
				IPHONEOS_DEPLOYMENT_TARGET = 16.4;
				MTL_ENABLE_DEBUG_INFO = INCLUDE_SOURCE;
				MTL_FAST_MATH = YES;
				ONLY_ACTIVE_ARCH = YES;
				SDKROOT = iphoneos;
				SWIFT_ACTIVE_COMPILATION_CONDITIONS = DEBUG;
				SWIFT_OPTIMIZATION_LEVEL = "-Onone";
			};
			name = Debug;
		};
		7E90D79F2A9F2F3B009F968D /* Release */ = {
			isa = XCBuildConfiguration;
			buildSettings = {
				ALWAYS_SEARCH_USER_PATHS = NO;
				CLANG_ANALYZER_NONNULL = YES;
				CLANG_ANALYZER_NUMBER_OBJECT_CONVERSION = YES_AGGRESSIVE;
				CLANG_CXX_LANGUAGE_STANDARD = "gnu++20";
				CLANG_ENABLE_MODULES = YES;
				CLANG_ENABLE_OBJC_ARC = YES;
				CLANG_ENABLE_OBJC_WEAK = YES;
				CLANG_WARN_BLOCK_CAPTURE_AUTORELEASING = YES;
				CLANG_WARN_BOOL_CONVERSION = YES;
				CLANG_WARN_COMMA = YES;
				CLANG_WARN_CONSTANT_CONVERSION = YES;
				CLANG_WARN_DEPRECATED_OBJC_IMPLEMENTATIONS = YES;
				CLANG_WARN_DIRECT_OBJC_ISA_USAGE = YES_ERROR;
				CLANG_WARN_DOCUMENTATION_COMMENTS = YES;
				CLANG_WARN_EMPTY_BODY = YES;
				CLANG_WARN_ENUM_CONVERSION = YES;
				CLANG_WARN_INFINITE_RECURSION = YES;
				CLANG_WARN_INT_CONVERSION = YES;
				CLANG_WARN_NON_LITERAL_NULL_CONVERSION = YES;
				CLANG_WARN_OBJC_IMPLICIT_RETAIN_SELF = YES;
				CLANG_WARN_OBJC_LITERAL_CONVERSION = YES;
				CLANG_WARN_OBJC_ROOT_CLASS = YES_ERROR;
				CLANG_WARN_QUOTED_INCLUDE_IN_FRAMEWORK_HEADER = YES;
				CLANG_WARN_RANGE_LOOP_ANALYSIS = YES;
				CLANG_WARN_STRICT_PROTOTYPES = YES;
				CLANG_WARN_SUSPICIOUS_MOVE = YES;
				CLANG_WARN_UNGUARDED_AVAILABILITY = YES_AGGRESSIVE;
				CLANG_WARN_UNREACHABLE_CODE = YES;
				CLANG_WARN__DUPLICATE_METHOD_MATCH = YES;
				COPY_PHASE_STRIP = NO;
				DEBUG_INFORMATION_FORMAT = "dwarf-with-dsym";
				ENABLE_NS_ASSERTIONS = NO;
				ENABLE_STRICT_OBJC_MSGSEND = YES;
				GCC_C_LANGUAGE_STANDARD = gnu11;
				GCC_NO_COMMON_BLOCKS = YES;
				GCC_WARN_64_TO_32_BIT_CONVERSION = YES;
				GCC_WARN_ABOUT_RETURN_TYPE = YES_ERROR;
				GCC_WARN_UNDECLARED_SELECTOR = YES;
				GCC_WARN_UNINITIALIZED_AUTOS = YES_AGGRESSIVE;
				GCC_WARN_UNUSED_FUNCTION = YES;
				GCC_WARN_UNUSED_VARIABLE = YES;
				IPHONEOS_DEPLOYMENT_TARGET = 16.4;
				MTL_ENABLE_DEBUG_INFO = NO;
				MTL_FAST_MATH = YES;
				SDKROOT = iphoneos;
				SWIFT_COMPILATION_MODE = wholemodule;
				SWIFT_OPTIMIZATION_LEVEL = "-O";
				VALIDATE_PRODUCT = YES;
			};
			name = Release;
		};
		7E90D7A12A9F2F3B009F968D /* Debug */ = {
			isa = XCBuildConfiguration;
			buildSettings = {
				ASSETCATALOG_COMPILER_APPICON_NAME = AppIcon;
				ASSETCATALOG_COMPILER_GLOBAL_ACCENT_COLOR_NAME = AccentColor;
				CODE_SIGN_STYLE = Automatic;
				CURRENT_PROJECT_VERSION = 1;
				DEVELOPMENT_TEAM = V7HYWRF575;
				GENERATE_INFOPLIST_FILE = YES;
				INFOPLIST_FILE = Avito_test/SupportingFiles/Info.plist;
				INFOPLIST_KEY_UIApplicationSupportsIndirectInputEvents = YES;
				INFOPLIST_KEY_UILaunchStoryboardName = LaunchScreen;
				INFOPLIST_KEY_UISupportedInterfaceOrientations = UIInterfaceOrientationPortrait;
				INFOPLIST_KEY_UISupportedInterfaceOrientations_iPad = "UIInterfaceOrientationLandscapeLeft UIInterfaceOrientationLandscapeRight UIInterfaceOrientationPortrait UIInterfaceOrientationPortraitUpsideDown";
				IPHONEOS_DEPLOYMENT_TARGET = 13.0;
				LD_RUNPATH_SEARCH_PATHS = (
					"$(inherited)",
					"@executable_path/Frameworks",
				);
				MARKETING_VERSION = 1.0;
				PRODUCT_BUNDLE_IDENTIFIER = "com.gmail.esplusnin.Avito-test";
				PRODUCT_NAME = "$(TARGET_NAME)";
				SUPPORTED_PLATFORMS = "iphoneos iphonesimulator";
				SUPPORTS_MACCATALYST = NO;
				SUPPORTS_MAC_DESIGNED_FOR_IPHONE_IPAD = NO;
				SWIFT_EMIT_LOC_STRINGS = YES;
				SWIFT_VERSION = 5.0;
				TARGETED_DEVICE_FAMILY = 1;
			};
			name = Debug;
		};
		7E90D7A22A9F2F3B009F968D /* Release */ = {
			isa = XCBuildConfiguration;
			buildSettings = {
				ASSETCATALOG_COMPILER_APPICON_NAME = AppIcon;
				ASSETCATALOG_COMPILER_GLOBAL_ACCENT_COLOR_NAME = AccentColor;
				CODE_SIGN_STYLE = Automatic;
				CURRENT_PROJECT_VERSION = 1;
				DEVELOPMENT_TEAM = V7HYWRF575;
				GENERATE_INFOPLIST_FILE = YES;
				INFOPLIST_FILE = Avito_test/SupportingFiles/Info.plist;
				INFOPLIST_KEY_UIApplicationSupportsIndirectInputEvents = YES;
				INFOPLIST_KEY_UILaunchStoryboardName = LaunchScreen;
				INFOPLIST_KEY_UISupportedInterfaceOrientations = UIInterfaceOrientationPortrait;
				INFOPLIST_KEY_UISupportedInterfaceOrientations_iPad = "UIInterfaceOrientationLandscapeLeft UIInterfaceOrientationLandscapeRight UIInterfaceOrientationPortrait UIInterfaceOrientationPortraitUpsideDown";
				IPHONEOS_DEPLOYMENT_TARGET = 13.0;
				LD_RUNPATH_SEARCH_PATHS = (
					"$(inherited)",
					"@executable_path/Frameworks",
				);
				MARKETING_VERSION = 1.0;
				PRODUCT_BUNDLE_IDENTIFIER = "com.gmail.esplusnin.Avito-test";
				PRODUCT_NAME = "$(TARGET_NAME)";
				SUPPORTED_PLATFORMS = "iphoneos iphonesimulator";
				SUPPORTS_MACCATALYST = NO;
				SUPPORTS_MAC_DESIGNED_FOR_IPHONE_IPAD = NO;
				SWIFT_EMIT_LOC_STRINGS = YES;
				SWIFT_VERSION = 5.0;
				TARGETED_DEVICE_FAMILY = 1;
			};
			name = Release;
		};
/* End XCBuildConfiguration section */

/* Begin XCConfigurationList section */
		7E90D7872A9F2F3A009F968D /* Build configuration list for PBXProject "Avito_test" */ = {
			isa = XCConfigurationList;
			buildConfigurations = (
				7E90D79E2A9F2F3B009F968D /* Debug */,
				7E90D79F2A9F2F3B009F968D /* Release */,
			);
			defaultConfigurationIsVisible = 0;
			defaultConfigurationName = Release;
		};
		7E90D7A02A9F2F3B009F968D /* Build configuration list for PBXNativeTarget "Avito_test" */ = {
			isa = XCConfigurationList;
			buildConfigurations = (
				7E90D7A12A9F2F3B009F968D /* Debug */,
				7E90D7A22A9F2F3B009F968D /* Release */,
			);
			defaultConfigurationIsVisible = 0;
			defaultConfigurationName = Release;
		};
/* End XCConfigurationList section */

/* Begin XCRemoteSwiftPackageReference section */
		7E70CDEA2A9F6CFA00E10C2D /* XCRemoteSwiftPackageReference "Kingfisher" */ = {
			isa = XCRemoteSwiftPackageReference;
			repositoryURL = "https://github.com/onevcat/Kingfisher.git";
			requirement = {
				kind = upToNextMajorVersion;
				minimumVersion = 7.0.0;
			};
		};
/* End XCRemoteSwiftPackageReference section */

/* Begin XCSwiftPackageProductDependency section */
		7E70CDEB2A9F6CFA00E10C2D /* Kingfisher */ = {
			isa = XCSwiftPackageProductDependency;
			package = 7E70CDEA2A9F6CFA00E10C2D /* XCRemoteSwiftPackageReference "Kingfisher" */;
			productName = Kingfisher;
		};
/* End XCSwiftPackageProductDependency section */
	};
	rootObject = 7E90D7842A9F2F3A009F968D /* Project object */;
}
